{
    "_meta": {
        "hash": {
            "sha256": "1fb378263991e5e2a0cc63058559a7a9e348763fedfa5543fe7429e1c413e57f"
        },
        "pipfile-spec": 6,
        "requires": {
            "python_version": "3.12"
        },
        "sources": [
            {
                "name": "pypi",
                "url": "https://pypi.org/simple",
                "verify_ssl": true
            }
        ]
    },
    "default": {
        "polars": {
            "hashes": [
                "sha256:2300f48ff7120eefe2cac2113990d0b0b5beedad93266b9fedfc8df133e7b13b",
                "sha256:5b733816ac61156c12bd0edd6d7c1a5e63859830ce0e425b6450b335024f0cd5",
                "sha256:73f1d369aeddda5f11411b6497f697f2471bbe6ae55fd936677a10a40995c83c",
                "sha256:a34f6ce1c5469872b291aaf90467e632e81f92dec6c2e18136bc40cd92877411",
                "sha256:d3d58ebc7a24d26930535d06b8772e125038a87a6abab4c5dfd87ea19bba61f3",
                "sha256:dc3a446fe606095b3ad6df3cf3dddd8ad54be7745f255fedb29f8bdf71a60760"
            ],
            "index": "pypi",
            "markers": "python_version >= '3.8'",
            "version": "==0.20.8"
        }
    },
    "develop": {}
}
